
Microsoft Visual Studio Solution File, Format Version 12.00
# Visual Studio Version 17
VisualStudioVersion = 17.10.35013.160
MinimumVisualStudioVersion = 10.0.40219.1
Project("{FAE04EC0-301F-11D3-BF4B-00C04F79EFBC}") = "ProjectWebApplication3", "ProjectWebApplication3\ProjectWebApplication3.csproj", "{B7DDC19A-1AEF-46A2-854E-AF1C2A463FEB}"
EndProject
Global
	GlobalSection(SolutionConfigurationPlatforms) = preSolution
		Debug|Any CPU = Debug|Any CPU
		Release|Any CPU = Release|Any CPU
	EndGlobalSection
	GlobalSection(ProjectConfigurationPlatforms) = postSolution
		{B7DDC19A-1AEF-46A2-854E-AF1C2A463FEB}.Debug|Any CPU.ActiveCfg = Debug|Any CPU
		{B7DDC19A-1AEF-46A2-854E-AF1C2A463FEB}.Debug|Any CPU.Build.0 = Debug|Any CPU
		{B7DDC19A-1AEF-46A2-854E-AF1C2A463FEB}.Release|Any CPU.ActiveCfg = Release|Any CPU
		{B7DDC19A-1AEF-46A2-854E-AF1C2A463FEB}.Release|Any CPU.Build.0 = Release|Any CPU
	EndGlobalSection
	GlobalSection(SolutionProperties) = preSolution
		HideSolutionNode = FALSE
	EndGlobalSection
	GlobalSection(ExtensibilityGlobals) = postSolution
		SolutionGuid = {94445057-41FD-4587-B50E-092C9E6B3956}
	EndGlobalSection
EndGlobal
