
Microsoft Visual Studio Solution File, Format Version 12.00
# Visual Studio Version 17
VisualStudioVersion = 17.10.35027.167
MinimumVisualStudioVersion = 10.0.40219.1
Project("{FAE04EC0-301F-11D3-BF4B-00C04F79EFBC}") = "EF_Example", "EF_Example\EF_Example.csproj", "{DFFA90B0-3C30-4F32-A76C-8DB919E18FFD}"
EndProject
Global
	GlobalSection(SolutionConfigurationPlatforms) = preSolution
		Debug|Any CPU = Debug|Any CPU
		Release|Any CPU = Release|Any CPU
	EndGlobalSection
	GlobalSection(ProjectConfigurationPlatforms) = postSolution
		{DFFA90B0-3C30-4F32-A76C-8DB919E18FFD}.Debug|Any CPU.ActiveCfg = Debug|Any CPU
		{DFFA90B0-3C30-4F32-A76C-8DB919E18FFD}.Debug|Any CPU.Build.0 = Debug|Any CPU
		{DFFA90B0-3C30-4F32-A76C-8DB919E18FFD}.Release|Any CPU.ActiveCfg = Release|Any CPU
		{DFFA90B0-3C30-4F32-A76C-8DB919E18FFD}.Release|Any CPU.Build.0 = Release|Any CPU
	EndGlobalSection
	GlobalSection(SolutionProperties) = preSolution
		HideSolutionNode = FALSE
	EndGlobalSection
	GlobalSection(ExtensibilityGlobals) = postSolution
		SolutionGuid = {6ED369C2-6BCD-4571-8AFD-0DE0043B0CF5}
	EndGlobalSection
EndGlobal
