
Microsoft Visual Studio Solution File, Format Version 12.00
# Visual Studio Version 17
VisualStudioVersion = 17.10.35013.160
MinimumVisualStudioVersion = 10.0.40219.1
Project("{FAE04EC0-301F-11D3-BF4B-00C04F79EFBC}") = "FormBackend", "FormBackend\FormBackend.csproj", "{DA196B6F-9F3A-4916-B60C-21CEB5266B6E}"
EndProject
Global
	GlobalSection(SolutionConfigurationPlatforms) = preSolution
		Debug|Any CPU = Debug|Any CPU
		Release|Any CPU = Release|Any CPU
	EndGlobalSection
	GlobalSection(ProjectConfigurationPlatforms) = postSolution
		{DA196B6F-9F3A-4916-B60C-21CEB5266B6E}.Debug|Any CPU.ActiveCfg = Debug|Any CPU
		{DA196B6F-9F3A-4916-B60C-21CEB5266B6E}.Debug|Any CPU.Build.0 = Debug|Any CPU
		{DA196B6F-9F3A-4916-B60C-21CEB5266B6E}.Release|Any CPU.ActiveCfg = Release|Any CPU
		{DA196B6F-9F3A-4916-B60C-21CEB5266B6E}.Release|Any CPU.Build.0 = Release|Any CPU
	EndGlobalSection
	GlobalSection(SolutionProperties) = preSolution
		HideSolutionNode = FALSE
	EndGlobalSection
	GlobalSection(ExtensibilityGlobals) = postSolution
		SolutionGuid = {B444723C-A67A-406A-887A-4843CA4F315A}
	EndGlobalSection
EndGlobal
