
Microsoft Visual Studio Solution File, Format Version 12.00
# Visual Studio Version 17
VisualStudioVersion = 17.10.35013.160
MinimumVisualStudioVersion = 10.0.40219.1
Project("{FAE04EC0-301F-11D3-BF4B-00C04F79EFBC}") = "CodeC", "CodeC\CodeC.csproj", "{9E038AF0-8CE9-4297-8746-F4B9CA85B20D}"
EndProject
Global
	GlobalSection(SolutionConfigurationPlatforms) = preSolution
		Debug|Any CPU = Debug|Any CPU
		Release|Any CPU = Release|Any CPU
	EndGlobalSection
	GlobalSection(ProjectConfigurationPlatforms) = postSolution
		{9E038AF0-8CE9-4297-8746-F4B9CA85B20D}.Debug|Any CPU.ActiveCfg = Debug|Any CPU
		{9E038AF0-8CE9-4297-8746-F4B9CA85B20D}.Debug|Any CPU.Build.0 = Debug|Any CPU
		{9E038AF0-8CE9-4297-8746-F4B9CA85B20D}.Release|Any CPU.ActiveCfg = Release|Any CPU
		{9E038AF0-8CE9-4297-8746-F4B9CA85B20D}.Release|Any CPU.Build.0 = Release|Any CPU
	EndGlobalSection
	GlobalSection(SolutionProperties) = preSolution
		HideSolutionNode = FALSE
	EndGlobalSection
	GlobalSection(ExtensibilityGlobals) = postSolution
		SolutionGuid = {BBD39296-781D-49C8-BFE3-3D06ABB0089E}
	EndGlobalSection
EndGlobal
